{
  "requires": true,
  "lockfileVersion": 1,
  "dependencies": {
    "jh-useful-funcs": {
      "version": "1.0.2",
      "resolved": "https://registry.drugdev.com/jh-useful-funcs/-/jh-useful-funcs-1.0.2.tgz",
      "integrity": "sha512-H42e4MOci1KlxzIHEeKkoeO7KsLl/61RAhs+u0DwjImqzGD0v4H5dt2vgoZtnmnUtSGIx0+wXQ24jGoZpeup6g=="
    }
  }
}
